
Microsoft Visual Studio Solution File, Format Version 12.00
# Visual Studio Version 17
VisualStudioVersion = 17.10.35027.167
MinimumVisualStudioVersion = 10.0.40219.1
Project("{FAE04EC0-301F-11D3-BF4B-00C04F79EFBC}") = "firstProject", "firstProject\firstProject.csproj", "{3E45A4A8-9942-4CA7-A2B9-BF77E273C039}"
EndProject
Global
	GlobalSection(SolutionConfigurationPlatforms) = preSolution
		Debug|Any CPU = Debug|Any CPU
		Release|Any CPU = Release|Any CPU
	EndGlobalSection
	GlobalSection(ProjectConfigurationPlatforms) = postSolution
		{3E45A4A8-9942-4CA7-A2B9-BF77E273C039}.Debug|Any CPU.ActiveCfg = Debug|Any CPU
		{3E45A4A8-9942-4CA7-A2B9-BF77E273C039}.Debug|Any CPU.Build.0 = Debug|Any CPU
		{3E45A4A8-9942-4CA7-A2B9-BF77E273C039}.Release|Any CPU.ActiveCfg = Release|Any CPU
		{3E45A4A8-9942-4CA7-A2B9-BF77E273C039}.Release|Any CPU.Build.0 = Release|Any CPU
	EndGlobalSection
	GlobalSection(SolutionProperties) = preSolution
		HideSolutionNode = FALSE
	EndGlobalSection
	GlobalSection(ExtensibilityGlobals) = postSolution
		SolutionGuid = {416A1D8A-A1D6-4CAA-A2CA-4AC4E769DD10}
	EndGlobalSection
EndGlobal
