
Microsoft Visual Studio Solution File, Format Version 12.00
# Visual Studio Version 17
VisualStudioVersion = 17.10.35027.167
MinimumVisualStudioVersion = 10.0.40219.1
Project("{FAE04EC0-301F-11D3-BF4B-00C04F79EFBC}") = "ToDoApplication", "ToDoApplication\ToDoApplication.csproj", "{AF44763E-4C91-4560-8AC0-4EF8438F26A3}"
EndProject
Global
	GlobalSection(SolutionConfigurationPlatforms) = preSolution
		Debug|Any CPU = Debug|Any CPU
		Release|Any CPU = Release|Any CPU
	EndGlobalSection
	GlobalSection(ProjectConfigurationPlatforms) = postSolution
		{AF44763E-4C91-4560-8AC0-4EF8438F26A3}.Debug|Any CPU.ActiveCfg = Debug|Any CPU
		{AF44763E-4C91-4560-8AC0-4EF8438F26A3}.Debug|Any CPU.Build.0 = Debug|Any CPU
		{AF44763E-4C91-4560-8AC0-4EF8438F26A3}.Release|Any CPU.ActiveCfg = Release|Any CPU
		{AF44763E-4C91-4560-8AC0-4EF8438F26A3}.Release|Any CPU.Build.0 = Release|Any CPU
	EndGlobalSection
	GlobalSection(SolutionProperties) = preSolution
		HideSolutionNode = FALSE
	EndGlobalSection
	GlobalSection(ExtensibilityGlobals) = postSolution
		SolutionGuid = {F15DFE3A-8212-4B8D-98E9-C67F18850979}
	EndGlobalSection
EndGlobal
