
Microsoft Visual Studio Solution File, Format Version 12.00
Project("{FAE04EC0-301F-11D3-BF4B-00C04F79EFBC}") = "DateTime", "DateTime\DateTime.csproj", "{29E63515-B273-43ED-8342-279BE61EFDCA}"
EndProject
Global
	GlobalSection(SolutionConfigurationPlatforms) = preSolution
		Debug|Any CPU = Debug|Any CPU
		Release|Any CPU = Release|Any CPU
	EndGlobalSection
	GlobalSection(ProjectConfigurationPlatforms) = postSolution
		{29E63515-B273-43ED-8342-279BE61EFDCA}.Debug|Any CPU.ActiveCfg = Debug|Any CPU
		{29E63515-B273-43ED-8342-279BE61EFDCA}.Debug|Any CPU.Build.0 = Debug|Any CPU
		{29E63515-B273-43ED-8342-279BE61EFDCA}.Release|Any CPU.ActiveCfg = Release|Any CPU
		{29E63515-B273-43ED-8342-279BE61EFDCA}.Release|Any CPU.Build.0 = Release|Any CPU
	EndGlobalSection
EndGlobal
