
Microsoft Visual Studio Solution File, Format Version 12.00
Project("{FAE04EC0-301F-11D3-BF4B-00C04F79EFBC}") = "readonlyExercise", "readonlyExercise\readonlyExercise.csproj", "{F2147753-FAE1-4E09-A705-3727DFF33FD4}"
EndProject
Global
	GlobalSection(SolutionConfigurationPlatforms) = preSolution
		Debug|Any CPU = Debug|Any CPU
		Release|Any CPU = Release|Any CPU
	EndGlobalSection
	GlobalSection(ProjectConfigurationPlatforms) = postSolution
		{F2147753-FAE1-4E09-A705-3727DFF33FD4}.Debug|Any CPU.ActiveCfg = Debug|Any CPU
		{F2147753-FAE1-4E09-A705-3727DFF33FD4}.Debug|Any CPU.Build.0 = Debug|Any CPU
		{F2147753-FAE1-4E09-A705-3727DFF33FD4}.Release|Any CPU.ActiveCfg = Release|Any CPU
		{F2147753-FAE1-4E09-A705-3727DFF33FD4}.Release|Any CPU.Build.0 = Release|Any CPU
	EndGlobalSection
EndGlobal
